
Microsoft Visual Studio Solution File, Format Version 12.00
# Visual Studio Version 17
VisualStudioVersion = 17.5.33627.172
MinimumVisualStudioVersion = 10.0.40219.1
Project("{9A19103F-16F7-4668-BE54-9A1E7A4F7556}") = "AspDotNetCoreAPI", "AspDotNetCoreAPI\AspDotNetCoreAPI.csproj", "{0B5ECD9B-728B-423D-BFA8-115CA39A7700}"
EndProject
Global
	GlobalSection(SolutionConfigurationPlatforms) = preSolution
		Debug|Any CPU = Debug|Any CPU
		Release|Any CPU = Release|Any CPU
	EndGlobalSection
	GlobalSection(ProjectConfigurationPlatforms) = postSolution
		{0B5ECD9B-728B-423D-BFA8-115CA39A7700}.Debug|Any CPU.ActiveCfg = Debug|Any CPU
		{0B5ECD9B-728B-423D-BFA8-115CA39A7700}.Debug|Any CPU.Build.0 = Debug|Any CPU
		{0B5ECD9B-728B-423D-BFA8-115CA39A7700}.Release|Any CPU.ActiveCfg = Release|Any CPU
		{0B5ECD9B-728B-423D-BFA8-115CA39A7700}.Release|Any CPU.Build.0 = Release|Any CPU
	EndGlobalSection
	GlobalSection(SolutionProperties) = preSolution
		HideSolutionNode = FALSE
	EndGlobalSection
	GlobalSection(ExtensibilityGlobals) = postSolution
		SolutionGuid = {7849B7B9-3BA5-4601-8DF2-10255DE0778B}
	EndGlobalSection
EndGlobal
